
Microsoft Visual Studio Solution File, Format Version 12.00
# Visual Studio 14
VisualStudioVersion = 14.0.25420.1
MinimumVisualStudioVersion = 10.0.40219.1
Project("{FAE04EC0-301F-11D3-BF4B-00C04F79EFBC}") = "shorten-link", "shorten-link\shorten-link.csproj", "{EB7E45E4-06B2-44E7-885B-6881BE5BC2A4}"
EndProject
Global
	GlobalSection(SolutionConfigurationPlatforms) = preSolution
		Debug|Any CPU = Debug|Any CPU
		Release|Any CPU = Release|Any CPU
	EndGlobalSection
	GlobalSection(ProjectConfigurationPlatforms) = postSolution
		{EB7E45E4-06B2-44E7-885B-6881BE5BC2A4}.Debug|Any CPU.ActiveCfg = Debug|Any CPU
		{EB7E45E4-06B2-44E7-885B-6881BE5BC2A4}.Debug|Any CPU.Build.0 = Debug|Any CPU
		{EB7E45E4-06B2-44E7-885B-6881BE5BC2A4}.Release|Any CPU.ActiveCfg = Release|Any CPU
		{EB7E45E4-06B2-44E7-885B-6881BE5BC2A4}.Release|Any CPU.Build.0 = Release|Any CPU
	EndGlobalSection
	GlobalSection(SolutionProperties) = preSolution
		HideSolutionNode = FALSE
	EndGlobalSection
EndGlobal
